{
<<<<<<< HEAD
  "name": "movie-meter-main",
  "lockfileVersion": 3,
  "requires": true,
  "packages": {}
=======
  "name": "movie-meter",
  "version": "1.0.0",
  "lockfileVersion": 3,
  "requires": true,
  "packages": {
    "": {
      "name": "movie-meter",
      "version": "1.0.0",
      "license": "MIT"
    }
  }
>>>>>>> c894471b1884c55ebed9e2570bd39a60cdab6f8d
}
